
Microsoft Visual Studio Solution File, Format Version 12.00
# Visual Studio Version 16
VisualStudioVersion = 16.0.29519.87
MinimumVisualStudioVersion = 10.0.40219.1
Project("{FAE04EC0-301F-11D3-BF4B-00C04F79EFBC}") = "WebScanner", "WebScanner\WebScanner.csproj", "{B050D3E8-D771-40E3-817B-4B9C83EA55A6}"
EndProject
Global
	GlobalSection(SolutionConfigurationPlatforms) = preSolution
		Debug|Any CPU = Debug|Any CPU
		Release|Any CPU = Release|Any CPU
	EndGlobalSection
	GlobalSection(ProjectConfigurationPlatforms) = postSolution
		{B050D3E8-D771-40E3-817B-4B9C83EA55A6}.Debug|Any CPU.ActiveCfg = Debug|Any CPU
		{B050D3E8-D771-40E3-817B-4B9C83EA55A6}.Debug|Any CPU.Build.0 = Debug|Any CPU
		{B050D3E8-D771-40E3-817B-4B9C83EA55A6}.Release|Any CPU.ActiveCfg = Release|Any CPU
		{B050D3E8-D771-40E3-817B-4B9C83EA55A6}.Release|Any CPU.Build.0 = Release|Any CPU
	EndGlobalSection
	GlobalSection(SolutionProperties) = preSolution
		HideSolutionNode = FALSE
	EndGlobalSection
	GlobalSection(ExtensibilityGlobals) = postSolution
		SolutionGuid = {83F2D755-99A2-4455-B82A-43CCED183785}
	EndGlobalSection
EndGlobal
